
Microsoft Visual Studio Solution File, Format Version 12.00
# Visual Studio Version 17
VisualStudioVersion = 17.6.33801.468
MinimumVisualStudioVersion = 10.0.40219.1
Project("{2150E333-8FDC-42A3-9474-1A3956D46DE8}") = "1 - Apresentacao", "1 - Apresentacao", "{62485583-CA37-4DAE-9CE3-766CD1FD59E2}"
EndProject
Project("{9A19103F-16F7-4668-BE54-9A1E7A4F7556}") = "WinFormsApp", "Apresentacao\WinFormsApp\WinFormsApp.csproj", "{110C03A8-9486-4200-B5F4-3546C94D79DF}"
EndProject
Project("{2150E333-8FDC-42A3-9474-1A3956D46DE8}") = "2 - Aplicacao", "2 - Aplicacao", "{21426AB2-8A15-44C9-AAB1-965974034F14}"
EndProject
Project("{2150E333-8FDC-42A3-9474-1A3956D46DE8}") = "3 - Infra", "3 - Infra", "{77E760A2-01C5-4F00-8F7C-04886DD76E6B}"
EndProject
Project("{FAE04EC0-301F-11D3-BF4B-00C04F79EFBC}") = "Negocio", "Aplicacao\Negocio\Negocio.csproj", "{60E7B1B0-C726-4BE5-B744-EC926708BE80}"
EndProject
Project("{FAE04EC0-301F-11D3-BF4B-00C04F79EFBC}") = "Negocio", "Infra\Negocio\Negocio.csproj", "{B19E8FCE-69DE-4846-A89C-22C4A3626171}"
EndProject
Global
	GlobalSection(SolutionConfigurationPlatforms) = preSolution
		Debug|Any CPU = Debug|Any CPU
		Release|Any CPU = Release|Any CPU
	EndGlobalSection
	GlobalSection(ProjectConfigurationPlatforms) = postSolution
		{110C03A8-9486-4200-B5F4-3546C94D79DF}.Debug|Any CPU.ActiveCfg = Debug|Any CPU
		{110C03A8-9486-4200-B5F4-3546C94D79DF}.Debug|Any CPU.Build.0 = Debug|Any CPU
		{110C03A8-9486-4200-B5F4-3546C94D79DF}.Release|Any CPU.ActiveCfg = Release|Any CPU
		{110C03A8-9486-4200-B5F4-3546C94D79DF}.Release|Any CPU.Build.0 = Release|Any CPU
		{60E7B1B0-C726-4BE5-B744-EC926708BE80}.Debug|Any CPU.ActiveCfg = Debug|Any CPU
		{60E7B1B0-C726-4BE5-B744-EC926708BE80}.Debug|Any CPU.Build.0 = Debug|Any CPU
		{60E7B1B0-C726-4BE5-B744-EC926708BE80}.Release|Any CPU.ActiveCfg = Release|Any CPU
		{60E7B1B0-C726-4BE5-B744-EC926708BE80}.Release|Any CPU.Build.0 = Release|Any CPU
		{B19E8FCE-69DE-4846-A89C-22C4A3626171}.Debug|Any CPU.ActiveCfg = Debug|Any CPU
		{B19E8FCE-69DE-4846-A89C-22C4A3626171}.Debug|Any CPU.Build.0 = Debug|Any CPU
		{B19E8FCE-69DE-4846-A89C-22C4A3626171}.Release|Any CPU.ActiveCfg = Release|Any CPU
		{B19E8FCE-69DE-4846-A89C-22C4A3626171}.Release|Any CPU.Build.0 = Release|Any CPU
	EndGlobalSection
	GlobalSection(SolutionProperties) = preSolution
		HideSolutionNode = FALSE
	EndGlobalSection
	GlobalSection(NestedProjects) = preSolution
		{110C03A8-9486-4200-B5F4-3546C94D79DF} = {62485583-CA37-4DAE-9CE3-766CD1FD59E2}
		{60E7B1B0-C726-4BE5-B744-EC926708BE80} = {21426AB2-8A15-44C9-AAB1-965974034F14}
		{B19E8FCE-69DE-4846-A89C-22C4A3626171} = {77E760A2-01C5-4F00-8F7C-04886DD76E6B}
	EndGlobalSection
	GlobalSection(ExtensibilityGlobals) = postSolution
		SolutionGuid = {67DDB631-6EFD-4FA5-B2AD-1B65041C4DF4}
	EndGlobalSection
EndGlobal
